
Microsoft Visual Studio Solution File, Format Version 12.00
# Visual Studio Version 17
VisualStudioVersion = 17.5.002.0
MinimumVisualStudioVersion = 10.0.40219.1
Project("{9A19103F-16F7-4668-BE54-9A1E7A4F7556}") = "bhaskara", "bhaskara.csproj", "{4CC28529-7A34-437B-B649-D233ED9CF2CD}"
EndProject
Global
	GlobalSection(SolutionConfigurationPlatforms) = preSolution
		Debug|Any CPU = Debug|Any CPU
		Release|Any CPU = Release|Any CPU
	EndGlobalSection
	GlobalSection(ProjectConfigurationPlatforms) = postSolution
		{4CC28529-7A34-437B-B649-D233ED9CF2CD}.Debug|Any CPU.ActiveCfg = Debug|Any CPU
		{4CC28529-7A34-437B-B649-D233ED9CF2CD}.Debug|Any CPU.Build.0 = Debug|Any CPU
		{4CC28529-7A34-437B-B649-D233ED9CF2CD}.Release|Any CPU.ActiveCfg = Release|Any CPU
		{4CC28529-7A34-437B-B649-D233ED9CF2CD}.Release|Any CPU.Build.0 = Release|Any CPU
	EndGlobalSection
	GlobalSection(SolutionProperties) = preSolution
		HideSolutionNode = FALSE
	EndGlobalSection
	GlobalSection(ExtensibilityGlobals) = postSolution
		SolutionGuid = {E9BE526E-6FAE-44CB-9453-F94CCE5EBC8C}
	EndGlobalSection
EndGlobal
